<?xml version="1.0" encoding="utf-8"?>
<Project ToolsVersion="4.0" xmlns="http://schemas.microsoft.com/developer/msbuild/2003">
  <ItemGroup>
    <Filter Include="GameFramework2D">
      <UniqueIdentifier>{9f3ec04a-fea0-44d8-a86e-629feec5b7b2}</UniqueIdentifier>
    </Filter>
    <Filter Include="WinMain">
      <UniqueIdentifier>{ce3a7470-9981-48e7-92f9-ebef140444f8}</UniqueIdentifier>
    </Filter>
    <Filter Include="MainGame">
      <UniqueIdentifier>{ce5b6d22-f989-4f22-81fd-803eae8974cd}</UniqueIdentifier>
    </Filter>
    <Filter Include="MainGame\GameNode">
      <UniqueIdentifier>{e20d0b3f-3940-445e-a65d-2ffe13bcc8b0}</UniqueIdentifier>
    </Filter>
    <Filter Include="GameFramework2D\유틸">
      <UniqueIdentifier>{af879b23-70ee-42d9-9d44-350faa3d6f52}</UniqueIdentifier>
    </Filter>
    <Filter Include="GameFramework2D\매니져">
      <UniqueIdentifier>{17f7c3ea-b2ec-4227-8115-b8ad353939d8}</UniqueIdentifier>
    </Filter>
    <Filter Include="GameFramework2D\이미지">
      <UniqueIdentifier>{d16fac69-192e-4230-a05f-483426615aba}</UniqueIdentifier>
    </Filter>
    <Filter Include="MainGame\카메라">
      <UniqueIdentifier>{bcfe248e-2dfd-4675-aa8a-3d00422b6ad5}</UniqueIdentifier>
    </Filter>
    <Filter Include="MainGame\이미지테스트">
      <UniqueIdentifier>{f71f25da-ae81-4961-bc52-68a7152c644e}</UniqueIdentifier>
    </Filter>
    <Filter Include="MainGame\슈팅게임">
      <UniqueIdentifier>{b1d3af5f-a75f-46d8-a4cb-fd34ba3ac5f0}</UniqueIdentifier>
    </Filter>
    <Filter Include="GameFramework2D\총알">
      <UniqueIdentifier>{a95370b7-88b6-4c0a-8bfb-d7676f08d969}</UniqueIdentifier>
    </Filter>
    <Filter Include="GameFramework2D\체력바">
      <UniqueIdentifier>{e74e1ead-ec5c-4cee-8e07-1bb1d9e82d25}</UniqueIdentifier>
    </Filter>
    <Filter Include="GameFramework2D\싱글톤데이터">
      <UniqueIdentifier>{18b73c28-2dbe-4b9e-83b4-6e8364793752}</UniqueIdentifier>
    </Filter>
    <Filter Include="GameFramework2D\TXT데이터">
      <UniqueIdentifier>{6d45e399-4ec5-4473-a8e0-e11ffff190a3}</UniqueIdentifier>
    </Filter>
    <Filter Include="MainGame\씬테스트">
      <UniqueIdentifier>{2cb756bc-99ab-4e56-a63d-74191f73a483}</UniqueIdentifier>
    </Filter>
    <Filter Include="MainGame\픽셀충돌">
      <UniqueIdentifier>{6160373b-5842-496b-8ace-939ae912344d}</UniqueIdentifier>
    </Filter>
    <Filter Include="MainGame\INI테스트">
      <UniqueIdentifier>{4071a49f-1384-4837-9bc6-ca3c00da69ba}</UniqueIdentifier>
    </Filter>
    <Filter Include="GameFramework2D\INI데이터">
      <UniqueIdentifier>{4eca172f-95c1-4943-9182-eef328c2ccf0}</UniqueIdentifier>
    </Filter>
    <Filter Include="GameFramework2D\로딩">
      <UniqueIdentifier>{86334c34-9e52-40cf-a969-9f5a54d0de7d}</UniqueIdentifier>
    </Filter>
    <Filter Include="MainGame\로딩화면">
      <UniqueIdentifier>{55dbd1f0-ab65-4cab-8198-1502daa0d71e}</UniqueIdentifier>
    </Filter>
    <Filter Include="MainGame\사운드테스트">
      <UniqueIdentifier>{27750e67-b18d-4b30-a2c9-9ec3120aa9b8}</UniqueIdentifier>
    </Filter>
    <Filter Include="MainGame\아이소메트릭">
      <UniqueIdentifier>{9567bd4b-e9ae-4498-a0fd-976a0291fa1c}</UniqueIdentifier>
    </Filter>
    <Filter Include="MainGame\맵툴기초">
      <UniqueIdentifier>{200e79e7-d342-4d5d-bc9b-b6a00cfbe3b6}</UniqueIdentifier>
    </Filter>
    <Filter Include="MainGame\GDIPLUS">
      <UniqueIdentifier>{9e1a2da8-a6a9-4fed-82ef-014a601056c7}</UniqueIdentifier>
    </Filter>
    <Filter Include="GameFramework2D\GDI+">
      <UniqueIdentifier>{41adaf6f-ab09-4124-99ab-88ef66e2ad7b}</UniqueIdentifier>
    </Filter>
  </ItemGroup>
  <ItemGroup>
    <ClInclude Include="stdafx.h">
      <Filter>MainGame</Filter>
    </ClInclude>
    <ClInclude Include="commonMacroFunction.h">
      <Filter>GameFramework2D\유틸</Filter>
    </ClInclude>
    <ClInclude Include="gameNode.h">
      <Filter>MainGame\GameNode</Filter>
    </ClInclude>
    <ClInclude Include="mainGame.h">
      <Filter>MainGame</Filter>
    </ClInclude>
    <ClInclude Include="singletonBase.h">
      <Filter>GameFramework2D\매니져</Filter>
    </ClInclude>
    <ClInclude Include="keyManager.h">
      <Filter>GameFramework2D\매니져</Filter>
    </ClInclude>
    <ClInclude Include="randomFunction.h">
      <Filter>GameFramework2D\유틸</Filter>
    </ClInclude>
    <ClInclude Include="image.h">
      <Filter>GameFramework2D\이미지</Filter>
    </ClInclude>
    <ClInclude Include="imageManager.h">
      <Filter>GameFramework2D\매니져</Filter>
    </ClInclude>
    <ClInclude Include="cam.h">
      <Filter>MainGame\카메라</Filter>
    </ClInclude>
    <ClInclude Include="util.h">
      <Filter>GameFramework2D\유틸</Filter>
    </ClInclude>
    <ClInclude Include="imageTest.h">
      <Filter>MainGame\이미지테스트</Filter>
    </ClInclude>
    <ClInclude Include="player.h">
      <Filter>MainGame\슈팅게임</Filter>
    </ClInclude>
    <ClInclude Include="bullet.h">
      <Filter>GameFramework2D\총알</Filter>
    </ClInclude>
    <ClInclude Include="enemy.h">
      <Filter>MainGame\슈팅게임</Filter>
    </ClInclude>
    <ClInclude Include="enemyManager.h">
      <Filter>MainGame\슈팅게임</Filter>
    </ClInclude>
    <ClInclude Include="minion.h">
      <Filter>MainGame\슈팅게임</Filter>
    </ClInclude>
    <ClInclude Include="progressBar.h">
      <Filter>GameFramework2D\체력바</Filter>
    </ClInclude>
    <ClInclude Include="playerData.h">
      <Filter>GameFramework2D\싱글톤데이터</Filter>
    </ClInclude>
    <ClInclude Include="sceneManager.h">
      <Filter>GameFramework2D\매니져</Filter>
    </ClInclude>
    <ClInclude Include="sceneTest.h">
      <Filter>MainGame\씬테스트</Filter>
    </ClInclude>
    <ClInclude Include="sceneTest1.h">
      <Filter>MainGame\씬테스트</Filter>
    </ClInclude>
    <ClInclude Include="pixcelCollisionScene.h">
      <Filter>MainGame\픽셀충돌</Filter>
    </ClInclude>
    <ClInclude Include="iniTestScene.h">
      <Filter>MainGame\INI테스트</Filter>
    </ClInclude>
    <ClInclude Include="loadingScene.h">
      <Filter>MainGame\로딩화면</Filter>
    </ClInclude>
    <ClInclude Include="loading.h">
      <Filter>GameFramework2D\로딩</Filter>
    </ClInclude>
    <ClInclude Include="iniData.h">
      <Filter>GameFramework2D\INI데이터</Filter>
    </ClInclude>
    <ClInclude Include="soundTestScene.h">
      <Filter>MainGame\사운드테스트</Filter>
    </ClInclude>
    <ClInclude Include="soundManager.h">
      <Filter>GameFramework2D\매니져</Filter>
    </ClInclude>
    <ClInclude Include="isometricTest.h">
      <Filter>MainGame\아이소메트릭</Filter>
    </ClInclude>
    <ClInclude Include="maptoolScene.h">
      <Filter>MainGame\맵툴기초</Filter>
    </ClInclude>
    <ClInclude Include="tileNode.h">
      <Filter>MainGame\맵툴기초</Filter>
    </ClInclude>
    <ClInclude Include="timeManager.h">
      <Filter>GameFramework2D\매니져</Filter>
    </ClInclude>
    <ClInclude Include="gdipTestScene.h">
      <Filter>MainGame\GDIPLUS</Filter>
    </ClInclude>
    <ClInclude Include="gdipImage.h">
      <Filter>GameFramework2D\GDI+</Filter>
    </ClInclude>
    <ClInclude Include="gdipManager.h">
      <Filter>GameFramework2D\GDI+</Filter>
    </ClInclude>
    <ClInclude Include="mapTool.h" />
    <ClInclude Include="mapTool1.h" />
    <ClInclude Include="txtData.h">
      <Filter>GameFramework2D\로딩</Filter>
    </ClInclude>
  </ItemGroup>
  <ItemGroup>
    <ClCompile Include="winMain.cpp">
      <Filter>WinMain</Filter>
    </ClCompile>
    <ClCompile Include="stdafx.cpp">
      <Filter>WinMain</Filter>
    </ClCompile>
    <ClCompile Include="gameNode.cpp">
      <Filter>MainGame\GameNode</Filter>
    </ClCompile>
    <ClCompile Include="mainGame.cpp">
      <Filter>MainGame</Filter>
    </ClCompile>
    <ClCompile Include="keyManager.cpp">
      <Filter>GameFramework2D\매니져</Filter>
    </ClCompile>
    <ClCompile Include="randomFunction.cpp">
      <Filter>GameFramework2D\유틸</Filter>
    </ClCompile>
    <ClCompile Include="image.cpp">
      <Filter>GameFramework2D\이미지</Filter>
    </ClCompile>
    <ClCompile Include="imageManager.cpp">
      <Filter>GameFramework2D\매니져</Filter>
    </ClCompile>
    <ClCompile Include="cam.cpp">
      <Filter>MainGame\카메라</Filter>
    </ClCompile>
    <ClCompile Include="util.cpp">
      <Filter>GameFramework2D\유틸</Filter>
    </ClCompile>
    <ClCompile Include="imageTest.cpp">
      <Filter>MainGame\이미지테스트</Filter>
    </ClCompile>
    <ClCompile Include="player.cpp">
      <Filter>MainGame\슈팅게임</Filter>
    </ClCompile>
    <ClCompile Include="bullet.cpp">
      <Filter>GameFramework2D\총알</Filter>
    </ClCompile>
    <ClCompile Include="enemy.cpp">
      <Filter>MainGame\슈팅게임</Filter>
    </ClCompile>
    <ClCompile Include="enemyManager.cpp">
      <Filter>MainGame\슈팅게임</Filter>
    </ClCompile>
    <ClCompile Include="minion.cpp">
      <Filter>MainGame\슈팅게임</Filter>
    </ClCompile>
    <ClCompile Include="progressBar.cpp">
      <Filter>GameFramework2D\체력바</Filter>
    </ClCompile>
    <ClCompile Include="playerData.cpp">
      <Filter>GameFramework2D\싱글톤데이터</Filter>
    </ClCompile>
    <ClCompile Include="txtData.cpp">
      <Filter>GameFramework2D\TXT데이터</Filter>
    </ClCompile>
    <ClCompile Include="sceneManager.cpp">
      <Filter>GameFramework2D\매니져</Filter>
    </ClCompile>
    <ClCompile Include="sceneTest.cpp">
      <Filter>MainGame\씬테스트</Filter>
    </ClCompile>
    <ClCompile Include="sceneTest1.cpp">
      <Filter>MainGame\씬테스트</Filter>
    </ClCompile>
    <ClCompile Include="pixcelCollisionScene.cpp">
      <Filter>MainGame\픽셀충돌</Filter>
    </ClCompile>
    <ClCompile Include="iniTestScene.cpp">
      <Filter>MainGame\INI테스트</Filter>
    </ClCompile>
    <ClCompile Include="loadingScene.cpp">
      <Filter>MainGame\로딩화면</Filter>
    </ClCompile>
    <ClCompile Include="loading.cpp">
      <Filter>GameFramework2D\로딩</Filter>
    </ClCompile>
    <ClCompile Include="iniData.cpp">
      <Filter>GameFramework2D\INI데이터</Filter>
    </ClCompile>
    <ClCompile Include="soundTestScene.cpp">
      <Filter>MainGame\사운드테스트</Filter>
    </ClCompile>
    <ClCompile Include="soundManager.cpp">
      <Filter>GameFramework2D\매니져</Filter>
    </ClCompile>
    <ClCompile Include="isometricTest.cpp">
      <Filter>MainGame\아이소메트릭</Filter>
    </ClCompile>
    <ClCompile Include="maptoolScene.cpp">
      <Filter>MainGame\맵툴기초</Filter>
    </ClCompile>
    <ClCompile Include="timeManager.cpp">
      <Filter>GameFramework2D\매니져</Filter>
    </ClCompile>
    <ClCompile Include="gdipTestScene.cpp">
      <Filter>MainGame\GDIPLUS</Filter>
    </ClCompile>
    <ClCompile Include="gdipImage.cpp">
      <Filter>GameFramework2D\GDI+</Filter>
    </ClCompile>
    <ClCompile Include="gdipManager.cpp">
      <Filter>GameFramework2D\GDI+</Filter>
    </ClCompile>
    <ClCompile Include="mapTool1.cpp" />
  </ItemGroup>
</Project>